{
  "name": "housemd.rdf-ext.org",
  "version": "0.0.0",
  "lockfileVersion": 2,
  "requires": true,
  "packages": {
    "": {
      "name": "housemd.rdf-ext.org",
      "version": "0.0.0",
      "license": "MIT",
      "dependencies": {
        "housemd": "^0.1.0"
      }
    },
    "node_modules/housemd": {
      "version": "0.1.0",
      "resolved": "https://registry.npmjs.org/housemd/-/housemd-0.1.0.tgz",
      "integrity": "sha512-amW7+qJzA2GR0HYredj/dtJvr6JzY6AcjiMQF1WwdQbMEjARTJDU6mmo6Opmtk1DqF79lhFwwq+qWE+WkaAXFg=="
    }
  },
  "dependencies": {
    "housemd": {
      "version": "0.1.0",
      "resolved": "https://registry.npmjs.org/housemd/-/housemd-0.1.0.tgz",
      "integrity": "sha512-amW7+qJzA2GR0HYredj/dtJvr6JzY6AcjiMQF1WwdQbMEjARTJDU6mmo6Opmtk1DqF79lhFwwq+qWE+WkaAXFg=="
    }
  }
}
